// !$*UTF8*$!
{
	archiveVersion = 1;
	classes = {
	};
	objectVersion = 48;
	objects = {

/* Begin PBXBuildFile section */
		F418AC38218CB1530030E18D /* AppDelegate.swift in Sources */ = {isa = PBXBuildFile; fileRef = F418AC37218CB1530030E18D /* AppDelegate.swift */; };
		F418AC3A218CB1530030E18D /* ViewController.swift in Sources */ = {isa = PBXBuildFile; fileRef = F418AC39218CB1530030E18D /* ViewController.swift */; };
		F418AC3D218CB1530030E18D /* Main.storyboard in Resources */ = {isa = PBXBuildFile; fileRef = F418AC3B218CB1530030E18D /* Main.storyboard */; };
		F418AC40218CB1530030E18D /* MedicalConsultations.xcdatamodeld in Sources */ = {isa = PBXBuildFile; fileRef = F418AC3E218CB1530030E18D /* MedicalConsultations.xcdatamodeld */; };
		F418AC42218CB1530030E18D /* Assets.xcassets in Resources */ = {isa = PBXBuildFile; fileRef = F418AC41218CB1530030E18D /* Assets.xcassets */; };
		F418AC45218CB1530030E18D /* LaunchScreen.storyboard in Resources */ = {isa = PBXBuildFile; fileRef = F418AC43218CB1530030E18D /* LaunchScreen.storyboard */; };
/* End PBXBuildFile section */

/* Begin PBXFileReference section */
		F418AC34218CB1530030E18D /* MedicalConsultations.app */ = {isa = PBXFileReference; explicitFileType = wrapper.application; includeInIndex = 0; path = MedicalConsultations.app; sourceTree = BUILT_PRODUCTS_DIR; };
		F418AC37218CB1530030E18D /* AppDelegate.swift */ = {isa = PBXFileReference; lastKnownFileType = sourcecode.swift; path = AppDelegate.swift; sourceTree = "<group>"; };
		F418AC39218CB1530030E18D /* ViewController.swift */ = {isa = PBXFileReference; lastKnownFileType = sourcecode.swift; path = ViewController.swift; sourceTree = "<group>"; };
		F418AC3C218CB1530030E18D /* Base */ = {isa = PBXFileReference; lastKnownFileType = file.storyboard; name = Base; path = Base.lproj/Main.storyboard; sourceTree = "<group>"; };
		F418AC3F218CB1530030E18D /* MedicalConsultations.xcdatamodel */ = {isa = PBXFileReference; lastKnownFileType = wrapper.xcdatamodel; path = MedicalConsultations.xcdatamodel; sourceTree = "<group>"; };
		F418AC41218CB1530030E18D /* Assets.xcassets */ = {isa = PBXFileReference; lastKnownFileType = folder.assetcatalog; path = Assets.xcassets; sourceTree = "<group>"; };
		F418AC44218CB1530030E18D /* Base */ = {isa = PBXFileReference; lastKnownFileType = file.storyboard; name = Base; path = Base.lproj/LaunchScreen.storyboard; sourceTree = "<group>"; };
		F418AC46218CB1530030E18D /* Info.plist */ = {isa = PBXFileReference; lastKnownFileType = text.plist.xml; path = Info.plist; sourceTree = "<group>"; };
/* End PBXFileReference section */

/* Begin PBXFrameworksBuildPhase section */
		F418AC31218CB1530030E18D /* Frameworks */ = {
			isa = PBXFrameworksBuildPhase;
			buildActionMask = 2147483647;
			files = (
			);
			runOnlyForDeploymentPostprocessing = 0;
		};
/* End PBXFrameworksBuildPhase section */

/* Begin PBXGroup section */
		F418AC2B218CB1530030E18D = {
			isa = PBXGroup;
			children = (
				F418AC36218CB1530030E18D /* MedicalConsultations */,
				F418AC35218CB1530030E18D /* Products */,
			);
			sourceTree = "<group>";
		};
		F418AC35218CB1530030E18D /* Products */ = {
			isa = PBXGroup;
			children = (
				F418AC34218CB1530030E18D /* MedicalConsultations.app */,
			);
			name = Products;
			sourceTree = "<group>";
		};
		F418AC36218CB1530030E18D /* MedicalConsultations */ = {
			isa = PBXGroup;
			children = (
				F418AC37218CB1530030E18D /* AppDelegate.swift */,
				F418AC39218CB1530030E18D /* ViewController.swift */,
				F418AC3B218CB1530030E18D /* Main.storyboard */,
				F418AC41218CB1530030E18D /* Assets.xcassets */,
				F418AC43218CB1530030E18D /* LaunchScreen.storyboard */,
				F418AC46218CB1530030E18D /* Info.plist */,
				F418AC3E218CB1530030E18D /* MedicalConsultations.xcdatamodeld */,
			);
			path = MedicalConsultations;
			sourceTree = "<group>";
		};
/* End PBXGroup section */

/* Begin PBXNativeTarget section */
		F418AC33218CB1530030E18D /* MedicalConsultations */ = {
			isa = PBXNativeTarget;
			buildConfigurationList = F418AC49218CB1530030E18D /* Build configuration list for PBXNativeTarget "MedicalConsultations" */;
			buildPhases = (
				F418AC30218CB1530030E18D /* Sources */,
				F418AC31218CB1530030E18D /* Frameworks */,
				F418AC32218CB1530030E18D /* Resources */,
			);
			buildRules = (
			);
			dependencies = (
			);
			name = MedicalConsultations;
			productName = MedicalConsultations;
			productReference = F418AC34218CB1530030E18D /* MedicalConsultations.app */;
			productType = "com.apple.product-type.application";
		};
/* End PBXNativeTarget section */

/* Begin PBXProject section */
		F418AC2C218CB1530030E18D /* Project object */ = {
			isa = PBXProject;
			attributes = {
				LastSwiftUpdateCheck = 0920;
				LastUpgradeCheck = 0920;
				ORGANIZATIONNAME = Tecsup;
				TargetAttributes = {
					F418AC33218CB1530030E18D = {
						CreatedOnToolsVersion = 9.2;
						ProvisioningStyle = Automatic;
					};
				};
			};
			buildConfigurationList = F418AC2F218CB1530030E18D /* Build configuration list for PBXProject "MedicalConsultations" */;
			compatibilityVersion = "Xcode 8.0";
			developmentRegion = en;
			hasScannedForEncodings = 0;
			knownRegions = (
				en,
				Base,
			);
			mainGroup = F418AC2B218CB1530030E18D;
			productRefGroup = F418AC35218CB1530030E18D /* Products */;
			projectDirPath = "";
			projectRoot = "";
			targets = (
				F418AC33218CB1530030E18D /* MedicalConsultations */,
			);
		};
/* End PBXProject section */

/* Begin PBXResourcesBuildPhase section */
		F418AC32218CB1530030E18D /* Resources */ = {
			isa = PBXResourcesBuildPhase;
			buildActionMask = 2147483647;
			files = (
				F418AC45218CB1530030E18D /* LaunchScreen.storyboard in Resources */,
				F418AC42218CB1530030E18D /* Assets.xcassets in Resources */,
				F418AC3D218CB1530030E18D /* Main.storyboard in Resources */,
			);
			runOnlyForDeploymentPostprocessing = 0;
		};
/* End PBXResourcesBuildPhase section */

/* Begin PBXSourcesBuildPhase section */
		F418AC30218CB1530030E18D /* Sources */ = {
			isa = PBXSourcesBuildPhase;
			buildActionMask = 2147483647;
			files = (
				F418AC40218CB1530030E18D /* MedicalConsultations.xcdatamodeld in Sources */,
				F418AC3A218CB1530030E18D /* ViewController.swift in Sources */,
				F418AC38218CB1530030E18D /* AppDelegate.swift in Sources */,
			);
			runOnlyForDeploymentPostprocessing = 0;
		};
/* End PBXSourcesBuildPhase section */

/* Begin PBXVariantGroup section */
		F418AC3B218CB1530030E18D /* Main.storyboard */ = {
			isa = PBXVariantGroup;
			children = (
				F418AC3C218CB1530030E18D /* Base */,
			);
			name = Main.storyboard;
			sourceTree = "<group>";
		};
		F418AC43218CB1530030E18D /* LaunchScreen.storyboard */ = {
			isa = PBXVariantGroup;
			children = (
				F418AC44218CB1530030E18D /* Base */,
			);
			name = LaunchScreen.storyboard;
			sourceTree = "<group>";
		};
/* End PBXVariantGroup section */

/* Begin XCBuildConfiguration section */
		F418AC47218CB1530030E18D /* Debug */ = {
			isa = XCBuildConfiguration;
			buildSettings = {
				ALWAYS_SEARCH_USER_PATHS = NO;
				CLANG_ANALYZER_NONNULL = YES;
				CLANG_ANALYZER_NUMBER_OBJECT_CONVERSION = YES_AGGRESSIVE;
				CLANG_CXX_LANGUAGE_STANDARD = "gnu++14";
				CLANG_CXX_LIBRARY = "libc++";
				CLANG_ENABLE_MODULES = YES;
				CLANG_ENABLE_OBJC_ARC = YES;
				CLANG_WARN_BLOCK_CAPTURE_AUTORELEASING = YES;
				CLANG_WARN_BOOL_CONVERSION = YES;
				CLANG_WARN_COMMA = YES;
				CLANG_WARN_CONSTANT_CONVERSION = YES;
				CLANG_WARN_DIRECT_OBJC_ISA_USAGE = YES_ERROR;
				CLANG_WARN_DOCUMENTATION_COMMENTS = YES;
				CLANG_WARN_EMPTY_BODY = YES;
				CLANG_WARN_ENUM_CONVERSION = YES;
				CLANG_WARN_INFINITE_RECURSION = YES;
				CLANG_WARN_INT_CONVERSION = YES;
				CLANG_WARN_NON_LITERAL_NULL_CONVERSION = YES;
				CLANG_WARN_OBJC_LITERAL_CONVERSION = YES;
				CLANG_WARN_OBJC_ROOT_CLASS = YES_ERROR;
				CLANG_WARN_RANGE_LOOP_ANALYSIS = YES;
				CLANG_WARN_STRICT_PROTOTYPES = YES;
				CLANG_WARN_SUSPICIOUS_MOVE = YES;
				CLANG_WARN_UNGUARDED_AVAILABILITY = YES_AGGRESSIVE;
				CLANG_WARN_UNREACHABLE_CODE = YES;
				CLANG_WARN__DUPLICATE_METHOD_MATCH = YES;
				CODE_SIGN_IDENTITY = "iPhone Developer";
				COPY_PHASE_STRIP = NO;
				DEBUG_INFORMATION_FORMAT = dwarf;
				ENABLE_STRICT_OBJC_MSGSEND = YES;
				ENABLE_TESTABILITY = YES;
				GCC_C_LANGUAGE_STANDARD = gnu11;
				GCC_DYNAMIC_NO_PIC = NO;
				GCC_NO_COMMON_BLOCKS = YES;
				GCC_OPTIMIZATION_LEVEL = 0;
				GCC_PREPROCESSOR_DEFINITIONS = (
					"DEBUG=1",
					"$(inherited)",
				);
				GCC_WARN_64_TO_32_BIT_CONVERSION = YES;
				GCC_WARN_ABOUT_RETURN_TYPE = YES_ERROR;
				GCC_WARN_UNDECLARED_SELECTOR = YES;
				GCC_WARN_UNINITIALIZED_AUTOS = YES_AGGRESSIVE;
				GCC_WARN_UNUSED_FUNCTION = YES;
				GCC_WARN_UNUSED_VARIABLE = YES;
				IPHONEOS_DEPLOYMENT_TARGET = 11.2;
				MTL_ENABLE_DEBUG_INFO = YES;
				ONLY_ACTIVE_ARCH = YES;
				SDKROOT = iphoneos;
				SWIFT_ACTIVE_COMPILATION_CONDITIONS = DEBUG;
				SWIFT_OPTIMIZATION_LEVEL = "-Onone";
			};
			name = Debug;
		};
		F418AC48218CB1530030E18D /* Release */ = {
			isa = XCBuildConfiguration;
			buildSettings = {
				ALWAYS_SEARCH_USER_PATHS = NO;
				CLANG_ANALYZER_NONNULL = YES;
				CLANG_ANALYZER_NUMBER_OBJECT_CONVERSION = YES_AGGRESSIVE;
				CLANG_CXX_LANGUAGE_STANDARD = "gnu++14";
				CLANG_CXX_LIBRARY = "libc++";
				CLANG_ENABLE_MODULES = YES;
				CLANG_ENABLE_OBJC_ARC = YES;
				CLANG_WARN_BLOCK_CAPTURE_AUTORELEASING = YES;
				CLANG_WARN_BOOL_CONVERSION = YES;
				CLANG_WARN_COMMA = YES;
				CLANG_WARN_CONSTANT_CONVERSION = YES;
				CLANG_WARN_DIRECT_OBJC_ISA_USAGE = YES_ERROR;
				CLANG_WARN_DOCUMENTATION_COMMENTS = YES;
				CLANG_WARN_EMPTY_BODY = YES;
				CLANG_WARN_ENUM_CONVERSION = YES;
				CLANG_WARN_INFINITE_RECURSION = YES;
				CLANG_WARN_INT_CONVERSION = YES;
				CLANG_WARN_NON_LITERAL_NULL_CONVERSION = YES;
				CLANG_WARN_OBJC_LITERAL_CONVERSION = YES;
				CLANG_WARN_OBJC_ROOT_CLASS = YES_ERROR;
				CLANG_WARN_RANGE_LOOP_ANALYSIS = YES;
				CLANG_WARN_STRICT_PROTOTYPES = YES;
				CLANG_WARN_SUSPICIOUS_MOVE = YES;
				CLANG_WARN_UNGUARDED_AVAILABILITY = YES_AGGRESSIVE;
				CLANG_WARN_UNREACHABLE_CODE = YES;
				CLANG_WARN__DUPLICATE_METHOD_MATCH = YES;
				CODE_SIGN_IDENTITY = "iPhone Developer";
				COPY_PHASE_STRIP = NO;
				DEBUG_INFORMATION_FORMAT = "dwarf-with-dsym";
				ENABLE_NS_ASSERTIONS = NO;
				ENABLE_STRICT_OBJC_MSGSEND = YES;
				GCC_C_LANGUAGE_STANDARD = gnu11;
				GCC_NO_COMMON_BLOCKS = YES;
				GCC_WARN_64_TO_32_BIT_CONVERSION = YES;
				GCC_WARN_ABOUT_RETURN_TYPE = YES_ERROR;
				GCC_WARN_UNDECLARED_SELECTOR = YES;
				GCC_WARN_UNINITIALIZED_AUTOS = YES_AGGRESSIVE;
				GCC_WARN_UNUSED_FUNCTION = YES;
				GCC_WARN_UNUSED_VARIABLE = YES;
				IPHONEOS_DEPLOYMENT_TARGET = 11.2;
				MTL_ENABLE_DEBUG_INFO = NO;
				SDKROOT = iphoneos;
				SWIFT_OPTIMIZATION_LEVEL = "-Owholemodule";
				VALIDATE_PRODUCT = YES;
			};
			name = Release;
		};
		F418AC4A218CB1530030E18D /* Debug */ = {
			isa = XCBuildConfiguration;
			buildSettings = {
				ASSETCATALOG_COMPILER_APPICON_NAME = AppIcon;
				CODE_SIGN_STYLE = Automatic;
				DEVELOPMENT_TEAM = 53R887HQ9Q;
				INFOPLIST_FILE = MedicalConsultations/Info.plist;
				LD_RUNPATH_SEARCH_PATHS = "$(inherited) @executable_path/Frameworks";
				PRODUCT_BUNDLE_IDENTIFIER = com.tecsup.MedicalConsultations;
				PRODUCT_NAME = "$(TARGET_NAME)";
				SWIFT_VERSION = 4.0;
				TARGETED_DEVICE_FAMILY = "1,2";
			};
			name = Debug;
		};
		F418AC4B218CB1530030E18D /* Release */ = {
			isa = XCBuildConfiguration;
			buildSettings = {
				ASSETCATALOG_COMPILER_APPICON_NAME = AppIcon;
				CODE_SIGN_STYLE = Automatic;
				DEVELOPMENT_TEAM = 53R887HQ9Q;
				INFOPLIST_FILE = MedicalConsultations/Info.plist;
				LD_RUNPATH_SEARCH_PATHS = "$(inherited) @executable_path/Frameworks";
				PRODUCT_BUNDLE_IDENTIFIER = com.tecsup.MedicalConsultations;
				PRODUCT_NAME = "$(TARGET_NAME)";
				SWIFT_VERSION = 4.0;
				TARGETED_DEVICE_FAMILY = "1,2";
			};
			name = Release;
		};
/* End XCBuildConfiguration section */

/* Begin XCConfigurationList section */
		F418AC2F218CB1530030E18D /* Build configuration list for PBXProject "MedicalConsultations" */ = {
			isa = XCConfigurationList;
			buildConfigurations = (
				F418AC47218CB1530030E18D /* Debug */,
				F418AC48218CB1530030E18D /* Release */,
			);
			defaultConfigurationIsVisible = 0;
			defaultConfigurationName = Release;
		};
		F418AC49218CB1530030E18D /* Build configuration list for PBXNativeTarget "MedicalConsultations" */ = {
			isa = XCConfigurationList;
			buildConfigurations = (
				F418AC4A218CB1530030E18D /* Debug */,
				F418AC4B218CB1530030E18D /* Release */,
			);
			defaultConfigurationIsVisible = 0;
			defaultConfigurationName = Release;
		};
/* End XCConfigurationList section */

/* Begin XCVersionGroup section */
		F418AC3E218CB1530030E18D /* MedicalConsultations.xcdatamodeld */ = {
			isa = XCVersionGroup;
			children = (
				F418AC3F218CB1530030E18D /* MedicalConsultations.xcdatamodel */,
			);
			currentVersion = F418AC3F218CB1530030E18D /* MedicalConsultations.xcdatamodel */;
			path = MedicalConsultations.xcdatamodeld;
			sourceTree = "<group>";
			versionGroupType = wrapper.xcdatamodel;
		};
/* End XCVersionGroup section */
	};
	rootObject = F418AC2C218CB1530030E18D /* Project object */;
}
